// !$*UTF8*$!
{
	archiveVersion = 1;
	classes = {
	};
	objectVersion = 60;
	objects = {

/* Begin PBXBuildFile section */
		272FD5B52B3E5FA5000ED81F /* Reflector.swift in Sources */ = {isa = PBXBuildFile; fileRef = 272FD5B32B3E5FA5000ED81F /* Reflector.swift */; };
		272FD5B62B3E5FA5000ED81F /* LightPulse.swift in Sources */ = {isa = PBXBuildFile; fileRef = 272FD5B42B3E5FA5000ED81F /* LightPulse.swift */; };
		272FD5B82B3E5FBD000ED81F /* ReflectorMapController.swift in Sources */ = {isa = PBXBuildFile; fileRef = 272FD5B72B3E5FBD000ED81F /* ReflectorMapController.swift */; };
		2746B0302B24A4FA00C5A615 /* GardenRangeTests.swift in Sources */ = {isa = PBXBuildFile; fileRef = 2746B02F2B24A4FA00C5A615 /* GardenRangeTests.swift */; };
		2746B0332B2579F900C5A615 /* Quadratic.swift in Sources */ = {isa = PBXBuildFile; fileRef = 2746B0322B2579F900C5A615 /* Quadratic.swift */; };
		2746B0352B257B2F00C5A615 /* Day6.swift in Sources */ = {isa = PBXBuildFile; fileRef = 2746B0342B257B2F00C5A615 /* Day6.swift */; };
		2746B0372B257B6800C5A615 /* inputDay6 in Resources */ = {isa = PBXBuildFile; fileRef = 2746B0362B257B6800C5A615 /* inputDay6 */; };
		2746B0392B257B7700C5A615 /* exampleDay6 in Resources */ = {isa = PBXBuildFile; fileRef = 2746B0382B257B7700C5A615 /* exampleDay6 */; };
		2746B03D2B2614D700C5A615 /* exampleDay7 in Resources */ = {isa = PBXBuildFile; fileRef = 2746B03B2B2614D700C5A615 /* exampleDay7 */; };
		2746B03E2B2614D700C5A615 /* inputDay7 in Resources */ = {isa = PBXBuildFile; fileRef = 2746B03C2B2614D700C5A615 /* inputDay7 */; };
		2746B0422B26162A00C5A615 /* CamelCard.swift in Sources */ = {isa = PBXBuildFile; fileRef = 2746B0412B26162A00C5A615 /* CamelCard.swift */; };
		2746B0442B26163300C5A615 /* CamelCardsHand.swift in Sources */ = {isa = PBXBuildFile; fileRef = 2746B0432B26163300C5A615 /* CamelCardsHand.swift */; };
		2746B0482B26194E00C5A615 /* CamelCardSorting.swift in Sources */ = {isa = PBXBuildFile; fileRef = 2746B0472B26194E00C5A615 /* CamelCardSorting.swift */; };
		2746B04C2B2635B500C5A615 /* CamelCardBid.swift in Sources */ = {isa = PBXBuildFile; fileRef = 2746B04B2B2635B500C5A615 /* CamelCardBid.swift */; };
		2746B04E2B26362400C5A615 /* Day7.swift in Sources */ = {isa = PBXBuildFile; fileRef = 2746B04D2B26362400C5A615 /* Day7.swift */; };
		2746B0522B26603500C5A615 /* inputDay8 in Resources */ = {isa = PBXBuildFile; fileRef = 2746B0502B26603500C5A615 /* inputDay8 */; };
		2746B0532B26603500C5A615 /* exampleDay8 in Resources */ = {isa = PBXBuildFile; fileRef = 2746B0512B26603500C5A615 /* exampleDay8 */; };
		2746B0552B2660E700C5A615 /* Node.swift in Sources */ = {isa = PBXBuildFile; fileRef = 2746B0542B2660E700C5A615 /* Node.swift */; };
		2746B0582B2661B400C5A615 /* NodeTests.swift in Sources */ = {isa = PBXBuildFile; fileRef = 2746B0572B2661B400C5A615 /* NodeTests.swift */; };
		2746B05A2B26641900C5A615 /* Day 8.swift in Sources */ = {isa = PBXBuildFile; fileRef = 2746B0592B26641900C5A615 /* Day 8.swift */; };
		2746B05C2B26678300C5A615 /* exampleDay8-2 in Resources */ = {isa = PBXBuildFile; fileRef = 2746B05B2B26678300C5A615 /* exampleDay8-2 */; };
		2746B05E2B2668CB00C5A615 /* exampleDay8-3 in Resources */ = {isa = PBXBuildFile; fileRef = 2746B05D2B2668CB00C5A615 /* exampleDay8-3 */; };
		274FA35C2B27698F00CBE0F0 /* BundleURL in Frameworks */ = {isa = PBXBuildFile; productRef = 274FA35B2B27698F00CBE0F0 /* BundleURL */; };
		274FA3602B276B6F00CBE0F0 /* Day 9.swift in Sources */ = {isa = PBXBuildFile; fileRef = 274FA35F2B276B6F00CBE0F0 /* Day 9.swift */; };
		274FA3642B28AD8D00CBE0F0 /* inputDay10 in Resources */ = {isa = PBXBuildFile; fileRef = 274FA3622B28AD8D00CBE0F0 /* inputDay10 */; };
		274FA3652B28AD8D00CBE0F0 /* exampleDay10 in Resources */ = {isa = PBXBuildFile; fileRef = 274FA3632B28AD8D00CBE0F0 /* exampleDay10 */; };
		274FA3672B28AE3E00CBE0F0 /* PipeSegment.swift in Sources */ = {isa = PBXBuildFile; fileRef = 274FA3662B28AE3E00CBE0F0 /* PipeSegment.swift */; };
		274FA3692B28AF6300CBE0F0 /* Coordinate.swift in Sources */ = {isa = PBXBuildFile; fileRef = 274FA3682B28AF6300CBE0F0 /* Coordinate.swift */; };
		274FA36B2B28BA8E00CBE0F0 /* Day10.swift in Sources */ = {isa = PBXBuildFile; fileRef = 274FA36A2B28BA8E00CBE0F0 /* Day10.swift */; };
		274FA36D2B28CEE200CBE0F0 /* complexExample10 in Resources */ = {isa = PBXBuildFile; fileRef = 274FA36C2B28CEE200CBE0F0 /* complexExample10 */; };
		274FA3712B29190A00CBE0F0 /* inputDay11 in Resources */ = {isa = PBXBuildFile; fileRef = 274FA36F2B29190A00CBE0F0 /* inputDay11 */; };
		274FA3722B29190A00CBE0F0 /* exampleDay11 in Resources */ = {isa = PBXBuildFile; fileRef = 274FA3702B29190A00CBE0F0 /* exampleDay11 */; };
		274FA3742B29191300CBE0F0 /* GalacticMap.swift in Sources */ = {isa = PBXBuildFile; fileRef = 274FA3732B29191300CBE0F0 /* GalacticMap.swift */; };
		274FA3762B292EA700CBE0F0 /* Matrix2D.swift in Sources */ = {isa = PBXBuildFile; fileRef = 274FA3752B292EA700CBE0F0 /* Matrix2D.swift */; };
		274FA3782B2942ED00CBE0F0 /* PipeSegmentView.swift in Sources */ = {isa = PBXBuildFile; fileRef = 274FA3772B2942ED00CBE0F0 /* PipeSegmentView.swift */; };
		274FA37A2B2946D000CBE0F0 /* PipeMapView.swift in Sources */ = {isa = PBXBuildFile; fileRef = 274FA3792B2946D000CBE0F0 /* PipeMapView.swift */; };
		276703222B29FCAA0023B1AF /* MatrixTests.swift in Sources */ = {isa = PBXBuildFile; fileRef = 276703212B29FCAA0023B1AF /* MatrixTests.swift */; };
		276703252B29FCF10023B1AF /* MatrixRow.swift in Sources */ = {isa = PBXBuildFile; fileRef = 276703242B29FCF10023B1AF /* MatrixRow.swift */; };
		276703272B2A071B0023B1AF /* MatrixInit.swift in Sources */ = {isa = PBXBuildFile; fileRef = 276703262B2A071B0023B1AF /* MatrixInit.swift */; };
		276703292B2A0EE90023B1AF /* Day11.swift in Sources */ = {isa = PBXBuildFile; fileRef = 276703282B2A0EE90023B1AF /* Day11.swift */; };
		2767032B2B2A146E0023B1AF /* MatrixColumn.swift in Sources */ = {isa = PBXBuildFile; fileRef = 2767032A2B2A146E0023B1AF /* MatrixColumn.swift */; };
		2767032D2B2A1F8F0023B1AF /* CoordinateTests.swift in Sources */ = {isa = PBXBuildFile; fileRef = 2767032C2B2A1F8F0023B1AF /* CoordinateTests.swift */; };
		276910982B2A6685006DFAD1 /* exampleDay12 in Resources */ = {isa = PBXBuildFile; fileRef = 276910972B2A6685006DFAD1 /* exampleDay12 */; };
		2769109A2B2A6698006DFAD1 /* inputDay12 in Resources */ = {isa = PBXBuildFile; fileRef = 276910992B2A6698006DFAD1 /* inputDay12 */; };
		2769109D2B2A66B6006DFAD1 /* SpringMap.swift in Sources */ = {isa = PBXBuildFile; fileRef = 2769109C2B2A66B6006DFAD1 /* SpringMap.swift */; };
		2769109F2B2A67F0006DFAD1 /* Day12.swift in Sources */ = {isa = PBXBuildFile; fileRef = 2769109E2B2A67F0006DFAD1 /* Day12.swift */; };
		276910A22B2B8601006DFAD1 /* Algorithms in Frameworks */ = {isa = PBXBuildFile; productRef = 276910A12B2B8601006DFAD1 /* Algorithms */; };
		276910A52B2B8843006DFAD1 /* SpringMapTests.swift in Sources */ = {isa = PBXBuildFile; fileRef = 276910A42B2B8843006DFAD1 /* SpringMapTests.swift */; };
		276DA2C22B4460CF008921CF /* GraphDepthFirstSearch.swift in Sources */ = {isa = PBXBuildFile; fileRef = 276DA2C12B4460CF008921CF /* GraphDepthFirstSearch.swift */; };
		2772854B2B222D9100700551 /* inputDay5 in Resources */ = {isa = PBXBuildFile; fileRef = 278F51922B221CA200EE69B6 /* inputDay5 */; };
		277772362B275FCF006702BA /* exampleDay9 in Resources */ = {isa = PBXBuildFile; fileRef = 277772312B275FCF006702BA /* exampleDay9 */; };
		277772372B275FCF006702BA /* inputDay9 in Resources */ = {isa = PBXBuildFile; fileRef = 277772322B275FCF006702BA /* inputDay9 */; };
		2787A5352B2CD2C40003180B /* SpringMapCalculator.swift in Sources */ = {isa = PBXBuildFile; fileRef = 2787A5342B2CD2C40003180B /* SpringMapCalculator.swift */; };
		2787A5372B2CD8AC0003180B /* Day12View.swift in Sources */ = {isa = PBXBuildFile; fileRef = 2787A5362B2CD8AC0003180B /* Day12View.swift */; };
		2787A53F2B2DE7090003180B /* Day13.swift in Sources */ = {isa = PBXBuildFile; fileRef = 2787A53E2B2DE7090003180B /* Day13.swift */; };
		2787A5422B2DE7BA0003180B /* inputDay13 in Resources */ = {isa = PBXBuildFile; fileRef = 2787A5412B2DE7BA0003180B /* inputDay13 */; };
		2787A5462B2DE8A80003180B /* exampleDay13 in Resources */ = {isa = PBXBuildFile; fileRef = 2787A5452B2DE8A80003180B /* exampleDay13 */; };
		2787A5482B2FD05E0003180B /* exampleDay14 in Resources */ = {isa = PBXBuildFile; fileRef = 2787A5472B2FD05E0003180B /* exampleDay14 */; };
		2787A54B2B2FD07A0003180B /* exampleDay14Packed in Resources */ = {isa = PBXBuildFile; fileRef = 2787A54A2B2FD07A0003180B /* exampleDay14Packed */; };
		2787A54D2B2FD08B0003180B /* Day14.swift in Sources */ = {isa = PBXBuildFile; fileRef = 2787A54C2B2FD08B0003180B /* Day14.swift */; };
		2787A54F2B2FD7F20003180B /* inputDay14 in Resources */ = {isa = PBXBuildFile; fileRef = 2787A54E2B2FD7F20003180B /* inputDay14 */; };
		2787A5512B3129E90003180B /* inputDay15 in Resources */ = {isa = PBXBuildFile; fileRef = 2787A5502B3129E90003180B /* inputDay15 */; };
		2787A5532B3129F30003180B /* exampleDay15 in Resources */ = {isa = PBXBuildFile; fileRef = 2787A5522B3129F30003180B /* exampleDay15 */; };
		2787A5562B312D080003180B /* Day15.swift in Sources */ = {isa = PBXBuildFile; fileRef = 2787A5552B312D080003180B /* Day15.swift */; };
		278F51912B221C1C00EE69B6 /* exampleDay5 in Resources */ = {isa = PBXBuildFile; fileRef = 278F51902B221C1C00EE69B6 /* exampleDay5 */; };
		278F51942B221CBE00EE69B6 /* GardenRange.swift in Sources */ = {isa = PBXBuildFile; fileRef = 278F51932B221CBE00EE69B6 /* GardenRange.swift */; };
		278F51962B221EB800EE69B6 /* Day5.swift in Sources */ = {isa = PBXBuildFile; fileRef = 278F51952B221EB800EE69B6 /* Day5.swift */; };
		278F51992B22217000EE69B6 /* Almanac.swift in Sources */ = {isa = PBXBuildFile; fileRef = 278F51982B22217000EE69B6 /* Almanac.swift */; };
		27B3619D2B32372700A0B4EC /* exampleDay16 in Resources */ = {isa = PBXBuildFile; fileRef = 27B3619C2B32372700A0B4EC /* exampleDay16 */; };
		27B3619F2B32372E00A0B4EC /* inputDay16 in Resources */ = {isa = PBXBuildFile; fileRef = 27B3619E2B32372E00A0B4EC /* inputDay16 */; };
		27B361A22B32377800A0B4EC /* Day16.swift in Sources */ = {isa = PBXBuildFile; fileRef = 27B361A12B32377800A0B4EC /* Day16.swift */; };
		27E603B82B20F3FB00C4CEC3 /* inputDay4 in Resources */ = {isa = PBXBuildFile; fileRef = 27E603B72B20F3FB00C4CEC3 /* inputDay4 */; };
		27E603BC2B20F42C00C4CEC3 /* ScratchCard.swift in Sources */ = {isa = PBXBuildFile; fileRef = 27E603BB2B20F42C00C4CEC3 /* ScratchCard.swift */; };
		27E603BE2B20FBD800C4CEC3 /* Helpers.swift in Sources */ = {isa = PBXBuildFile; fileRef = 27E603BD2B20FBD800C4CEC3 /* Helpers.swift */; };
		27E603C02B20FCB800C4CEC3 /* exampleDay4 in Resources */ = {isa = PBXBuildFile; fileRef = 27E603BF2B20FCB800C4CEC3 /* exampleDay4 */; };
		27EE90522B1E3E25001053A0 /* Advent2023App.swift in Sources */ = {isa = PBXBuildFile; fileRef = 27EE90512B1E3E25001053A0 /* Advent2023App.swift */; };
		27EE90542B1E3E25001053A0 /* ContentView.swift in Sources */ = {isa = PBXBuildFile; fileRef = 27EE90532B1E3E25001053A0 /* ContentView.swift */; };
		27EE90562B1E3E26001053A0 /* Assets.xcassets in Resources */ = {isa = PBXBuildFile; fileRef = 27EE90552B1E3E26001053A0 /* Assets.xcassets */; };
		27EE90592B1E3E26001053A0 /* Preview Assets.xcassets in Resources */ = {isa = PBXBuildFile; fileRef = 27EE90582B1E3E26001053A0 /* Preview Assets.xcassets */; };
		27EE90642B1E3E26001053A0 /* Days3-4.swift in Sources */ = {isa = PBXBuildFile; fileRef = 27EE90632B1E3E26001053A0 /* Days3-4.swift */; };
		27EE907D2B1E3E31001053A0 /* Schematic.swift in Sources */ = {isa = PBXBuildFile; fileRef = 27EE907C2B1E3E31001053A0 /* Schematic.swift */; };
		27EE907F2B1E3E5A001053A0 /* exampleDay3 in Resources */ = {isa = PBXBuildFile; fileRef = 27EE907E2B1E3E5A001053A0 /* exampleDay3 */; };
		27EE90812B1E3E6E001053A0 /* inputDay3 in Resources */ = {isa = PBXBuildFile; fileRef = 27EE90802B1E3E6E001053A0 /* inputDay3 */; };
		27EE90832B1E3EE7001053A0 /* FileLocations.swift in Sources */ = {isa = PBXBuildFile; fileRef = 27EE90822B1E3EE7001053A0 /* FileLocations.swift */; };
		27F5AD952B227D8A003AFB30 /* RangeComparisons.swift in Sources */ = {isa = PBXBuildFile; fileRef = 27F5AD942B227D8A003AFB30 /* RangeComparisons.swift */; };
		27F5AD972B227EA0003AFB30 /* RangeComparisonTests.swift in Sources */ = {isa = PBXBuildFile; fileRef = 27F5AD962B227EA0003AFB30 /* RangeComparisonTests.swift */; };
		27F65ED32B40941100FAD81C /* Day 8 Graph Tests.swift in Sources */ = {isa = PBXBuildFile; fileRef = 27F65ED22B40941100FAD81C /* Day 8 Graph Tests.swift */; };
		27F91A372B3F310600DCB6E3 /* Graph.swift in Sources */ = {isa = PBXBuildFile; fileRef = 27F91A362B3F310600DCB6E3 /* Graph.swift */; };
		27F91A3B2B3F311700DCB6E3 /* Edge.swift in Sources */ = {isa = PBXBuildFile; fileRef = 27F91A3A2B3F311700DCB6E3 /* Edge.swift */; };
/* End PBXBuildFile section */

/* Begin PBXContainerItemProxy section */
		27EE90602B1E3E26001053A0 /* PBXContainerItemProxy */ = {
			isa = PBXContainerItemProxy;
			containerPortal = 27EE90462B1E3E25001053A0 /* Project object */;
			proxyType = 1;
			remoteGlobalIDString = 27EE904D2B1E3E25001053A0;
			remoteInfo = Advent2023;
		};
/* End PBXContainerItemProxy section */

/* Begin PBXFileReference section */
		272FD5B32B3E5FA5000ED81F /* Reflector.swift */ = {isa = PBXFileReference; fileEncoding = 4; lastKnownFileType = sourcecode.swift; path = Reflector.swift; sourceTree = "<group>"; };
		272FD5B42B3E5FA5000ED81F /* LightPulse.swift */ = {isa = PBXFileReference; fileEncoding = 4; lastKnownFileType = sourcecode.swift; path = LightPulse.swift; sourceTree = "<group>"; };
		272FD5B72B3E5FBD000ED81F /* ReflectorMapController.swift */ = {isa = PBXFileReference; fileEncoding = 4; lastKnownFileType = sourcecode.swift; path = ReflectorMapController.swift; sourceTree = "<group>"; };
		2746B02F2B24A4FA00C5A615 /* GardenRangeTests.swift */ = {isa = PBXFileReference; lastKnownFileType = sourcecode.swift; path = GardenRangeTests.swift; sourceTree = "<group>"; };
		2746B0322B2579F900C5A615 /* Quadratic.swift */ = {isa = PBXFileReference; lastKnownFileType = sourcecode.swift; path = Quadratic.swift; sourceTree = "<group>"; };
		2746B0342B257B2F00C5A615 /* Day6.swift */ = {isa = PBXFileReference; lastKnownFileType = sourcecode.swift; path = Day6.swift; sourceTree = "<group>"; };
		2746B0362B257B6800C5A615 /* inputDay6 */ = {isa = PBXFileReference; lastKnownFileType = text; path = inputDay6; sourceTree = "<group>"; };
		2746B0382B257B7700C5A615 /* exampleDay6 */ = {isa = PBXFileReference; lastKnownFileType = text; path = exampleDay6; sourceTree = "<group>"; };
		2746B03B2B2614D700C5A615 /* exampleDay7 */ = {isa = PBXFileReference; fileEncoding = 4; lastKnownFileType = text; path = exampleDay7; sourceTree = "<group>"; };
		2746B03C2B2614D700C5A615 /* inputDay7 */ = {isa = PBXFileReference; fileEncoding = 4; lastKnownFileType = text; path = inputDay7; sourceTree = "<group>"; };
		2746B0412B26162A00C5A615 /* CamelCard.swift */ = {isa = PBXFileReference; lastKnownFileType = sourcecode.swift; path = CamelCard.swift; sourceTree = "<group>"; };
		2746B0432B26163300C5A615 /* CamelCardsHand.swift */ = {isa = PBXFileReference; lastKnownFileType = sourcecode.swift; path = CamelCardsHand.swift; sourceTree = "<group>"; };
		2746B0472B26194E00C5A615 /* CamelCardSorting.swift */ = {isa = PBXFileReference; lastKnownFileType = sourcecode.swift; path = CamelCardSorting.swift; sourceTree = "<group>"; };
		2746B04B2B2635B500C5A615 /* CamelCardBid.swift */ = {isa = PBXFileReference; lastKnownFileType = sourcecode.swift; path = CamelCardBid.swift; sourceTree = "<group>"; };
		2746B04D2B26362400C5A615 /* Day7.swift */ = {isa = PBXFileReference; lastKnownFileType = sourcecode.swift; path = Day7.swift; sourceTree = "<group>"; };
		2746B0502B26603500C5A615 /* inputDay8 */ = {isa = PBXFileReference; fileEncoding = 4; lastKnownFileType = text; path = inputDay8; sourceTree = "<group>"; };
		2746B0512B26603500C5A615 /* exampleDay8 */ = {isa = PBXFileReference; fileEncoding = 4; lastKnownFileType = text; path = exampleDay8; sourceTree = "<group>"; };
		2746B0542B2660E700C5A615 /* Node.swift */ = {isa = PBXFileReference; lastKnownFileType = sourcecode.swift; path = Node.swift; sourceTree = "<group>"; };
		2746B0572B2661B400C5A615 /* NodeTests.swift */ = {isa = PBXFileReference; lastKnownFileType = sourcecode.swift; path = NodeTests.swift; sourceTree = "<group>"; };
		2746B0592B26641900C5A615 /* Day 8.swift */ = {isa = PBXFileReference; lastKnownFileType = sourcecode.swift; path = "Day 8.swift"; sourceTree = "<group>"; };
		2746B05B2B26678300C5A615 /* exampleDay8-2 */ = {isa = PBXFileReference; fileEncoding = 4; lastKnownFileType = text; path = "exampleDay8-2"; sourceTree = "<group>"; };
		2746B05D2B2668CB00C5A615 /* exampleDay8-3 */ = {isa = PBXFileReference; lastKnownFileType = text; path = "exampleDay8-3"; sourceTree = "<group>"; };
		274FA35F2B276B6F00CBE0F0 /* Day 9.swift */ = {isa = PBXFileReference; lastKnownFileType = sourcecode.swift; path = "Day 9.swift"; sourceTree = "<group>"; };
		274FA3622B28AD8D00CBE0F0 /* inputDay10 */ = {isa = PBXFileReference; fileEncoding = 4; lastKnownFileType = text; path = inputDay10; sourceTree = "<group>"; };
		274FA3632B28AD8D00CBE0F0 /* exampleDay10 */ = {isa = PBXFileReference; fileEncoding = 4; lastKnownFileType = text; path = exampleDay10; sourceTree = "<group>"; };
		274FA3662B28AE3E00CBE0F0 /* PipeSegment.swift */ = {isa = PBXFileReference; lastKnownFileType = sourcecode.swift; path = PipeSegment.swift; sourceTree = "<group>"; };
		274FA3682B28AF6300CBE0F0 /* Coordinate.swift */ = {isa = PBXFileReference; lastKnownFileType = sourcecode.swift; path = Coordinate.swift; sourceTree = "<group>"; };
		274FA36A2B28BA8E00CBE0F0 /* Day10.swift */ = {isa = PBXFileReference; lastKnownFileType = sourcecode.swift; path = Day10.swift; sourceTree = "<group>"; };
		274FA36C2B28CEE200CBE0F0 /* complexExample10 */ = {isa = PBXFileReference; lastKnownFileType = text; path = complexExample10; sourceTree = "<group>"; };
		274FA36F2B29190A00CBE0F0 /* inputDay11 */ = {isa = PBXFileReference; fileEncoding = 4; lastKnownFileType = text; path = inputDay11; sourceTree = "<group>"; };
		274FA3702B29190A00CBE0F0 /* exampleDay11 */ = {isa = PBXFileReference; fileEncoding = 4; lastKnownFileType = text; path = exampleDay11; sourceTree = "<group>"; };
		274FA3732B29191300CBE0F0 /* GalacticMap.swift */ = {isa = PBXFileReference; lastKnownFileType = sourcecode.swift; path = GalacticMap.swift; sourceTree = "<group>"; };
		274FA3752B292EA700CBE0F0 /* Matrix2D.swift */ = {isa = PBXFileReference; lastKnownFileType = sourcecode.swift; path = Matrix2D.swift; sourceTree = "<group>"; };
		274FA3772B2942ED00CBE0F0 /* PipeSegmentView.swift */ = {isa = PBXFileReference; lastKnownFileType = sourcecode.swift; path = PipeSegmentView.swift; sourceTree = "<group>"; };
		274FA3792B2946D000CBE0F0 /* PipeMapView.swift */ = {isa = PBXFileReference; lastKnownFileType = sourcecode.swift; path = PipeMapView.swift; sourceTree = "<group>"; };
		276703212B29FCAA0023B1AF /* MatrixTests.swift */ = {isa = PBXFileReference; lastKnownFileType = sourcecode.swift; path = MatrixTests.swift; sourceTree = "<group>"; };
		276703242B29FCF10023B1AF /* MatrixRow.swift */ = {isa = PBXFileReference; lastKnownFileType = sourcecode.swift; path = MatrixRow.swift; sourceTree = "<group>"; };
		276703262B2A071B0023B1AF /* MatrixInit.swift */ = {isa = PBXFileReference; lastKnownFileType = sourcecode.swift; path = MatrixInit.swift; sourceTree = "<group>"; };
		276703282B2A0EE90023B1AF /* Day11.swift */ = {isa = PBXFileReference; lastKnownFileType = sourcecode.swift; path = Day11.swift; sourceTree = "<group>"; };
		2767032A2B2A146E0023B1AF /* MatrixColumn.swift */ = {isa = PBXFileReference; lastKnownFileType = sourcecode.swift; path = MatrixColumn.swift; sourceTree = "<group>"; };
		2767032C2B2A1F8F0023B1AF /* CoordinateTests.swift */ = {isa = PBXFileReference; lastKnownFileType = sourcecode.swift; path = CoordinateTests.swift; sourceTree = "<group>"; };
		276910972B2A6685006DFAD1 /* exampleDay12 */ = {isa = PBXFileReference; lastKnownFileType = text; path = exampleDay12; sourceTree = "<group>"; };
		276910992B2A6698006DFAD1 /* inputDay12 */ = {isa = PBXFileReference; lastKnownFileType = text; path = inputDay12; sourceTree = "<group>"; };
		2769109C2B2A66B6006DFAD1 /* SpringMap.swift */ = {isa = PBXFileReference; lastKnownFileType = sourcecode.swift; path = SpringMap.swift; sourceTree = "<group>"; };
		2769109E2B2A67F0006DFAD1 /* Day12.swift */ = {isa = PBXFileReference; lastKnownFileType = sourcecode.swift; path = Day12.swift; sourceTree = "<group>"; };
		276910A42B2B8843006DFAD1 /* SpringMapTests.swift */ = {isa = PBXFileReference; lastKnownFileType = sourcecode.swift; path = SpringMapTests.swift; sourceTree = "<group>"; };
		276DA2C12B4460CF008921CF /* GraphDepthFirstSearch.swift */ = {isa = PBXFileReference; lastKnownFileType = sourcecode.swift; path = GraphDepthFirstSearch.swift; sourceTree = "<group>"; };
		277772312B275FCF006702BA /* exampleDay9 */ = {isa = PBXFileReference; fileEncoding = 4; lastKnownFileType = text; path = exampleDay9; sourceTree = "<group>"; };
		277772322B275FCF006702BA /* inputDay9 */ = {isa = PBXFileReference; fileEncoding = 4; lastKnownFileType = text; path = inputDay9; sourceTree = "<group>"; };
		2787A5342B2CD2C40003180B /* SpringMapCalculator.swift */ = {isa = PBXFileReference; lastKnownFileType = sourcecode.swift; path = SpringMapCalculator.swift; sourceTree = "<group>"; };
		2787A5362B2CD8AC0003180B /* Day12View.swift */ = {isa = PBXFileReference; lastKnownFileType = sourcecode.swift; path = Day12View.swift; sourceTree = "<group>"; };
		2787A53E2B2DE7090003180B /* Day13.swift */ = {isa = PBXFileReference; lastKnownFileType = sourcecode.swift; name = Day13.swift; path = Advent2023Tests/Day13.swift; sourceTree = SOURCE_ROOT; };
		2787A5412B2DE7BA0003180B /* inputDay13 */ = {isa = PBXFileReference; lastKnownFileType = text; path = inputDay13; sourceTree = "<group>"; };
		2787A5452B2DE8A80003180B /* exampleDay13 */ = {isa = PBXFileReference; lastKnownFileType = text; path = exampleDay13; sourceTree = "<group>"; };
		2787A5472B2FD05E0003180B /* exampleDay14 */ = {isa = PBXFileReference; lastKnownFileType = text; path = exampleDay14; sourceTree = "<group>"; };
		2787A54A2B2FD07A0003180B /* exampleDay14Packed */ = {isa = PBXFileReference; lastKnownFileType = text; path = exampleDay14Packed; sourceTree = "<group>"; };
		2787A54C2B2FD08B0003180B /* Day14.swift */ = {isa = PBXFileReference; lastKnownFileType = sourcecode.swift; path = Day14.swift; sourceTree = "<group>"; };
		2787A54E2B2FD7F20003180B /* inputDay14 */ = {isa = PBXFileReference; lastKnownFileType = text; path = inputDay14; sourceTree = "<group>"; };
		2787A5502B3129E90003180B /* inputDay15 */ = {isa = PBXFileReference; lastKnownFileType = text; path = inputDay15; sourceTree = "<group>"; };
		2787A5522B3129F30003180B /* exampleDay15 */ = {isa = PBXFileReference; lastKnownFileType = text; path = exampleDay15; sourceTree = "<group>"; };
		2787A5552B312D080003180B /* Day15.swift */ = {isa = PBXFileReference; lastKnownFileType = sourcecode.swift; path = Day15.swift; sourceTree = "<group>"; };
		278F51902B221C1C00EE69B6 /* exampleDay5 */ = {isa = PBXFileReference; lastKnownFileType = text; path = exampleDay5; sourceTree = "<group>"; };
		278F51922B221CA200EE69B6 /* inputDay5 */ = {isa = PBXFileReference; lastKnownFileType = text; path = inputDay5; sourceTree = "<group>"; };
		278F51932B221CBE00EE69B6 /* GardenRange.swift */ = {isa = PBXFileReference; lastKnownFileType = sourcecode.swift; path = GardenRange.swift; sourceTree = "<group>"; };
		278F51952B221EB800EE69B6 /* Day5.swift */ = {isa = PBXFileReference; lastKnownFileType = sourcecode.swift; path = Day5.swift; sourceTree = "<group>"; };
		278F51972B2220CC00EE69B6 /* Advent2023.xctestplan */ = {isa = PBXFileReference; lastKnownFileType = text; path = Advent2023.xctestplan; sourceTree = "<group>"; };
		278F51982B22217000EE69B6 /* Almanac.swift */ = {isa = PBXFileReference; lastKnownFileType = sourcecode.swift; path = Almanac.swift; sourceTree = "<group>"; };
		27B3619C2B32372700A0B4EC /* exampleDay16 */ = {isa = PBXFileReference; lastKnownFileType = text; path = exampleDay16; sourceTree = "<group>"; };
		27B3619E2B32372E00A0B4EC /* inputDay16 */ = {isa = PBXFileReference; lastKnownFileType = text; path = inputDay16; sourceTree = "<group>"; };
		27B361A12B32377800A0B4EC /* Day16.swift */ = {isa = PBXFileReference; lastKnownFileType = sourcecode.swift; path = Day16.swift; sourceTree = "<group>"; };
		27E603B72B20F3FB00C4CEC3 /* inputDay4 */ = {isa = PBXFileReference; lastKnownFileType = text; path = inputDay4; sourceTree = "<group>"; };
		27E603BB2B20F42C00C4CEC3 /* ScratchCard.swift */ = {isa = PBXFileReference; lastKnownFileType = sourcecode.swift; path = ScratchCard.swift; sourceTree = "<group>"; };
		27E603BD2B20FBD800C4CEC3 /* Helpers.swift */ = {isa = PBXFileReference; lastKnownFileType = sourcecode.swift; path = Helpers.swift; sourceTree = "<group>"; };
		27E603BF2B20FCB800C4CEC3 /* exampleDay4 */ = {isa = PBXFileReference; fileEncoding = 4; lastKnownFileType = text; path = exampleDay4; sourceTree = "<group>"; };
		27EE904E2B1E3E25001053A0 /* Advent2023.app */ = {isa = PBXFileReference; explicitFileType = wrapper.application; includeInIndex = 0; path = Advent2023.app; sourceTree = BUILT_PRODUCTS_DIR; };
		27EE90512B1E3E25001053A0 /* Advent2023App.swift */ = {isa = PBXFileReference; lastKnownFileType = sourcecode.swift; path = Advent2023App.swift; sourceTree = "<group>"; };
		27EE90532B1E3E25001053A0 /* ContentView.swift */ = {isa = PBXFileReference; lastKnownFileType = sourcecode.swift; path = ContentView.swift; sourceTree = "<group>"; };
		27EE90552B1E3E26001053A0 /* Assets.xcassets */ = {isa = PBXFileReference; lastKnownFileType = folder.assetcatalog; path = Assets.xcassets; sourceTree = "<group>"; };
		27EE90582B1E3E26001053A0 /* Preview Assets.xcassets */ = {isa = PBXFileReference; lastKnownFileType = folder.assetcatalog; path = "Preview Assets.xcassets"; sourceTree = "<group>"; };
		27EE905A2B1E3E26001053A0 /* Advent2023.entitlements */ = {isa = PBXFileReference; lastKnownFileType = text.plist.entitlements; path = Advent2023.entitlements; sourceTree = "<group>"; };
		27EE905F2B1E3E26001053A0 /* Advent2023Tests.xctest */ = {isa = PBXFileReference; explicitFileType = wrapper.cfbundle; includeInIndex = 0; path = Advent2023Tests.xctest; sourceTree = BUILT_PRODUCTS_DIR; };
		27EE90632B1E3E26001053A0 /* Days3-4.swift */ = {isa = PBXFileReference; lastKnownFileType = sourcecode.swift; path = "Days3-4.swift"; sourceTree = "<group>"; };
		27EE907C2B1E3E31001053A0 /* Schematic.swift */ = {isa = PBXFileReference; lastKnownFileType = sourcecode.swift; path = Schematic.swift; sourceTree = "<group>"; };
		27EE907E2B1E3E5A001053A0 /* exampleDay3 */ = {isa = PBXFileReference; lastKnownFileType = text; path = exampleDay3; sourceTree = "<group>"; };
		27EE90802B1E3E6E001053A0 /* inputDay3 */ = {isa = PBXFileReference; lastKnownFileType = text; path = inputDay3; sourceTree = "<group>"; };
		27EE90822B1E3EE7001053A0 /* FileLocations.swift */ = {isa = PBXFileReference; lastKnownFileType = sourcecode.swift; path = FileLocations.swift; sourceTree = "<group>"; };
		27F5AD942B227D8A003AFB30 /* RangeComparisons.swift */ = {isa = PBXFileReference; lastKnownFileType = sourcecode.swift; path = RangeComparisons.swift; sourceTree = "<group>"; };
		27F5AD962B227EA0003AFB30 /* RangeComparisonTests.swift */ = {isa = PBXFileReference; lastKnownFileType = sourcecode.swift; path = RangeComparisonTests.swift; sourceTree = "<group>"; };
		27F65ED22B40941100FAD81C /* Day 8 Graph Tests.swift */ = {isa = PBXFileReference; lastKnownFileType = sourcecode.swift; path = "Day 8 Graph Tests.swift"; sourceTree = "<group>"; };
		27F91A362B3F310600DCB6E3 /* Graph.swift */ = {isa = PBXFileReference; lastKnownFileType = sourcecode.swift; path = Graph.swift; sourceTree = "<group>"; };
		27F91A3A2B3F311700DCB6E3 /* Edge.swift */ = {isa = PBXFileReference; lastKnownFileType = sourcecode.swift; path = Edge.swift; sourceTree = "<group>"; };
/* End PBXFileReference section */

/* Begin PBXFrameworksBuildPhase section */
		27EE904B2B1E3E25001053A0 /* Frameworks */ = {
			isa = PBXFrameworksBuildPhase;
			buildActionMask = 2147483647;
			files = (
				276910A22B2B8601006DFAD1 /* Algorithms in Frameworks */,
				274FA35C2B27698F00CBE0F0 /* BundleURL in Frameworks */,
			);
			runOnlyForDeploymentPostprocessing = 0;
		};
		27EE905C2B1E3E26001053A0 /* Frameworks */ = {
			isa = PBXFrameworksBuildPhase;
			buildActionMask = 2147483647;
			files = (
			);
			runOnlyForDeploymentPostprocessing = 0;
		};
/* End PBXFrameworksBuildPhase section */

/* Begin PBXGroup section */
		2746B0312B2565C300C5A615 /* Day 6 */ = {
			isa = PBXGroup;
			children = (
				2746B0322B2579F900C5A615 /* Quadratic.swift */,
				2746B0362B257B6800C5A615 /* inputDay6 */,
				2746B0382B257B7700C5A615 /* exampleDay6 */,
			);
			path = "Day 6";
			sourceTree = "<group>";
		};
		2746B03A2B26145800C5A615 /* Day 7 */ = {
			isa = PBXGroup;
			children = (
				2746B0412B26162A00C5A615 /* CamelCard.swift */,
				2746B0432B26163300C5A615 /* CamelCardsHand.swift */,
				2746B04B2B2635B500C5A615 /* CamelCardBid.swift */,
				2746B03B2B2614D700C5A615 /* exampleDay7 */,
				2746B03C2B2614D700C5A615 /* inputDay7 */,
			);
			path = "Day 7";
			sourceTree = "<group>";
		};
		2746B0452B26190800C5A615 /* Day 7 */ = {
			isa = PBXGroup;
			children = (
				2746B0472B26194E00C5A615 /* CamelCardSorting.swift */,
				2746B04D2B26362400C5A615 /* Day7.swift */,
			);
			path = "Day 7";
			sourceTree = "<group>";
		};
		2746B04F2B26601800C5A615 /* Day 8 */ = {
			isa = PBXGroup;
			children = (
				2746B0542B2660E700C5A615 /* Node.swift */,
				2746B0512B26603500C5A615 /* exampleDay8 */,
				2746B05B2B26678300C5A615 /* exampleDay8-2 */,
				2746B05D2B2668CB00C5A615 /* exampleDay8-3 */,
				2746B0502B26603500C5A615 /* inputDay8 */,
			);
			path = "Day 8";
			sourceTree = "<group>";
		};
		2746B0562B26618E00C5A615 /* Day 8 */ = {
			isa = PBXGroup;
			children = (
				2746B0572B2661B400C5A615 /* NodeTests.swift */,
				2746B0592B26641900C5A615 /* Day 8.swift */,
				27F65ED22B40941100FAD81C /* Day 8 Graph Tests.swift */,
			);
			path = "Day 8";
			sourceTree = "<group>";
		};
		274FA35D2B276B3600CBE0F0 /* Day 9 */ = {
			isa = PBXGroup;
			children = (
				274FA35F2B276B6F00CBE0F0 /* Day 9.swift */,
			);
			path = "Day 9";
			sourceTree = "<group>";
		};
		274FA35E2B276B5200CBE0F0 /* Day 5 */ = {
			isa = PBXGroup;
			children = (
				278F51952B221EB800EE69B6 /* Day5.swift */,
				2746B02F2B24A4FA00C5A615 /* GardenRangeTests.swift */,
				27F5AD962B227EA0003AFB30 /* RangeComparisonTests.swift */,
			);
			path = "Day 5";
			sourceTree = "<group>";
		};
		274FA3612B28AD8D00CBE0F0 /* Day 10 */ = {
			isa = PBXGroup;
			children = (
				274FA3622B28AD8D00CBE0F0 /* inputDay10 */,
				274FA3632B28AD8D00CBE0F0 /* exampleDay10 */,
				274FA36C2B28CEE200CBE0F0 /* complexExample10 */,
				274FA3662B28AE3E00CBE0F0 /* PipeSegment.swift */,
				274FA3772B2942ED00CBE0F0 /* PipeSegmentView.swift */,
				274FA3792B2946D000CBE0F0 /* PipeMapView.swift */,
			);
			path = "Day 10";
			sourceTree = "<group>";
		};
		274FA36E2B29190A00CBE0F0 /* Day 11 */ = {
			isa = PBXGroup;
			children = (
				274FA36F2B29190A00CBE0F0 /* inputDay11 */,
				274FA3702B29190A00CBE0F0 /* exampleDay11 */,
				274FA3732B29191300CBE0F0 /* GalacticMap.swift */,
			);
			path = "Day 11";
			sourceTree = "<group>";
		};
		276703232B29FCE40023B1AF /* Matrix2D */ = {
			isa = PBXGroup;
			children = (
				274FA3752B292EA700CBE0F0 /* Matrix2D.swift */,
				276703242B29FCF10023B1AF /* MatrixRow.swift */,
				2767032A2B2A146E0023B1AF /* MatrixColumn.swift */,
				276703262B2A071B0023B1AF /* MatrixInit.swift */,
			);
			path = Matrix2D;
			sourceTree = "<group>";
		};
		2769109B2B2A66A2006DFAD1 /* Day 12 */ = {
			isa = PBXGroup;
			children = (
				276910972B2A6685006DFAD1 /* exampleDay12 */,
				276910992B2A6698006DFAD1 /* inputDay12 */,
				2787A5362B2CD8AC0003180B /* Day12View.swift */,
				2769109C2B2A66B6006DFAD1 /* SpringMap.swift */,
				2787A5342B2CD2C40003180B /* SpringMapCalculator.swift */,
			);
			path = "Day 12";
			sourceTree = "<group>";
		};
		276910A32B2B8834006DFAD1 /* Day12 */ = {
			isa = PBXGroup;
			children = (
				2769109E2B2A67F0006DFAD1 /* Day12.swift */,
				276910A42B2B8843006DFAD1 /* SpringMapTests.swift */,
			);
			path = Day12;
			sourceTree = "<group>";
		};
		277772302B275FCF006702BA /* Day 9 */ = {
			isa = PBXGroup;
			children = (
				277772312B275FCF006702BA /* exampleDay9 */,
				277772322B275FCF006702BA /* inputDay9 */,
			);
			path = "Day 9";
			sourceTree = "<group>";
		};
		2787A5402B2DE7890003180B /* Day 13 */ = {
			isa = PBXGroup;
			children = (
				2787A5412B2DE7BA0003180B /* inputDay13 */,
				2787A5452B2DE8A80003180B /* exampleDay13 */,
			);
			path = "Day 13";
			sourceTree = "<group>";
		};
		2787A5492B2FD0630003180B /* Day 14 */ = {
			isa = PBXGroup;
			children = (
				2787A5472B2FD05E0003180B /* exampleDay14 */,
				2787A54A2B2FD07A0003180B /* exampleDay14Packed */,
				2787A54E2B2FD7F20003180B /* inputDay14 */,
			);
			path = "Day 14";
			sourceTree = "<group>";
		};
		2787A5542B312CEC0003180B /* Day 15 */ = {
			isa = PBXGroup;
			children = (
				2787A5502B3129E90003180B /* inputDay15 */,
				2787A5522B3129F30003180B /* exampleDay15 */,
			);
			path = "Day 15";
			sourceTree = "<group>";
		};
		278F518F2B221C0100EE69B6 /* Day 5 */ = {
			isa = PBXGroup;
			children = (
				278F51902B221C1C00EE69B6 /* exampleDay5 */,
				278F51922B221CA200EE69B6 /* inputDay5 */,
				278F51932B221CBE00EE69B6 /* GardenRange.swift */,
				278F51982B22217000EE69B6 /* Almanac.swift */,
				27F5AD942B227D8A003AFB30 /* RangeComparisons.swift */,
			);
			path = "Day 5";
			sourceTree = "<group>";
		};
		27B361A02B32374D00A0B4EC /* Day 16 */ = {
			isa = PBXGroup;
			children = (
				272FD5B72B3E5FBD000ED81F /* ReflectorMapController.swift */,
				272FD5B42B3E5FA5000ED81F /* LightPulse.swift */,
				272FD5B32B3E5FA5000ED81F /* Reflector.swift */,
				27B3619C2B32372700A0B4EC /* exampleDay16 */,
				27B3619E2B32372E00A0B4EC /* inputDay16 */,
			);
			path = "Day 16";
			sourceTree = "<group>";
		};
		27E603B92B20F40F00C4CEC3 /* Day 3 */ = {
			isa = PBXGroup;
			children = (
				27EE907E2B1E3E5A001053A0 /* exampleDay3 */,
				27EE90802B1E3E6E001053A0 /* inputDay3 */,
				27EE907C2B1E3E31001053A0 /* Schematic.swift */,
			);
			path = "Day 3";
			sourceTree = "<group>";
		};
		27E603BA2B20F41D00C4CEC3 /* Day 4 */ = {
			isa = PBXGroup;
			children = (
				27E603BF2B20FCB800C4CEC3 /* exampleDay4 */,
				27E603B72B20F3FB00C4CEC3 /* inputDay4 */,
				27E603BB2B20F42C00C4CEC3 /* ScratchCard.swift */,
			);
			path = "Day 4";
			sourceTree = "<group>";
		};
		27EE90452B1E3E25001053A0 = {
			isa = PBXGroup;
			children = (
				278F51972B2220CC00EE69B6 /* Advent2023.xctestplan */,
				27EE90502B1E3E25001053A0 /* Advent2023 */,
				27EE90622B1E3E26001053A0 /* Advent2023Tests */,
				27EE904F2B1E3E25001053A0 /* Products */,
			);
			sourceTree = "<group>";
		};
		27EE904F2B1E3E25001053A0 /* Products */ = {
			isa = PBXGroup;
			children = (
				27EE904E2B1E3E25001053A0 /* Advent2023.app */,
				27EE905F2B1E3E26001053A0 /* Advent2023Tests.xctest */,
			);
			name = Products;
			sourceTree = "<group>";
		};
		27EE90502B1E3E25001053A0 /* Advent2023 */ = {
			isa = PBXGroup;
			children = (
				27EE90512B1E3E25001053A0 /* Advent2023App.swift */,
				27EE90822B1E3EE7001053A0 /* FileLocations.swift */,
				27E603BD2B20FBD800C4CEC3 /* Helpers.swift */,
				27EE90532B1E3E25001053A0 /* ContentView.swift */,
				274FA3682B28AF6300CBE0F0 /* Coordinate.swift */,
				27F91A3C2B3F311D00DCB6E3 /* Graph */,
				276703232B29FCE40023B1AF /* Matrix2D */,
				27E603B92B20F40F00C4CEC3 /* Day 3 */,
				27E603BA2B20F41D00C4CEC3 /* Day 4 */,
				278F518F2B221C0100EE69B6 /* Day 5 */,
				2746B0312B2565C300C5A615 /* Day 6 */,
				2746B03A2B26145800C5A615 /* Day 7 */,
				2746B04F2B26601800C5A615 /* Day 8 */,
				277772302B275FCF006702BA /* Day 9 */,
				274FA3612B28AD8D00CBE0F0 /* Day 10 */,
				274FA36E2B29190A00CBE0F0 /* Day 11 */,
				2769109B2B2A66A2006DFAD1 /* Day 12 */,
				2787A5402B2DE7890003180B /* Day 13 */,
				2787A5492B2FD0630003180B /* Day 14 */,
				2787A5542B312CEC0003180B /* Day 15 */,
				27B361A02B32374D00A0B4EC /* Day 16 */,
				27EE905A2B1E3E26001053A0 /* Advent2023.entitlements */,
				27EE90552B1E3E26001053A0 /* Assets.xcassets */,
				27EE90572B1E3E26001053A0 /* Preview Content */,
			);
			path = Advent2023;
			sourceTree = "<group>";
		};
		27EE90572B1E3E26001053A0 /* Preview Content */ = {
			isa = PBXGroup;
			children = (
				27EE90582B1E3E26001053A0 /* Preview Assets.xcassets */,
			);
			path = "Preview Content";
			sourceTree = "<group>";
		};
		27EE90622B1E3E26001053A0 /* Advent2023Tests */ = {
			isa = PBXGroup;
			children = (
				276703212B29FCAA0023B1AF /* MatrixTests.swift */,
				2767032C2B2A1F8F0023B1AF /* CoordinateTests.swift */,
				27EE90632B1E3E26001053A0 /* Days3-4.swift */,
				274FA35E2B276B5200CBE0F0 /* Day 5 */,
				2746B0342B257B2F00C5A615 /* Day6.swift */,
				2746B0452B26190800C5A615 /* Day 7 */,
				2746B0562B26618E00C5A615 /* Day 8 */,
				274FA35D2B276B3600CBE0F0 /* Day 9 */,
				274FA36A2B28BA8E00CBE0F0 /* Day10.swift */,
				276703282B2A0EE90023B1AF /* Day11.swift */,
				276910A32B2B8834006DFAD1 /* Day12 */,
				2787A53E2B2DE7090003180B /* Day13.swift */,
				2787A54C2B2FD08B0003180B /* Day14.swift */,
				2787A5552B312D080003180B /* Day15.swift */,
				27B361A12B32377800A0B4EC /* Day16.swift */,
			);
			path = Advent2023Tests;
			sourceTree = "<group>";
		};
		27F91A3C2B3F311D00DCB6E3 /* Graph */ = {
			isa = PBXGroup;
			children = (
				27F91A362B3F310600DCB6E3 /* Graph.swift */,
				27F91A3A2B3F311700DCB6E3 /* Edge.swift */,
				276DA2C12B4460CF008921CF /* GraphDepthFirstSearch.swift */,
			);
			path = Graph;
			sourceTree = "<group>";
		};
/* End PBXGroup section */

/* Begin PBXNativeTarget section */
		27EE904D2B1E3E25001053A0 /* Advent2023 */ = {
			isa = PBXNativeTarget;
			buildConfigurationList = 27EE90732B1E3E26001053A0 /* Build configuration list for PBXNativeTarget "Advent2023" */;
			buildPhases = (
				27EE904A2B1E3E25001053A0 /* Sources */,
				27EE904B2B1E3E25001053A0 /* Frameworks */,
				27EE904C2B1E3E25001053A0 /* Resources */,
			);
			buildRules = (
			);
			dependencies = (
			);
			name = Advent2023;
			packageProductDependencies = (
				274FA35B2B27698F00CBE0F0 /* BundleURL */,
				276910A12B2B8601006DFAD1 /* Algorithms */,
			);
			productName = Advent2023;
			productReference = 27EE904E2B1E3E25001053A0 /* Advent2023.app */;
			productType = "com.apple.product-type.application";
		};
		27EE905E2B1E3E26001053A0 /* Advent2023Tests */ = {
			isa = PBXNativeTarget;
			buildConfigurationList = 27EE90762B1E3E26001053A0 /* Build configuration list for PBXNativeTarget "Advent2023Tests" */;
			buildPhases = (
				27EE905B2B1E3E26001053A0 /* Sources */,
				27EE905C2B1E3E26001053A0 /* Frameworks */,
				27EE905D2B1E3E26001053A0 /* Resources */,
			);
			buildRules = (
			);
			dependencies = (
				27EE90612B1E3E26001053A0 /* PBXTargetDependency */,
			);
			name = Advent2023Tests;
			productName = Advent2023Tests;
			productReference = 27EE905F2B1E3E26001053A0 /* Advent2023Tests.xctest */;
			productType = "com.apple.product-type.bundle.unit-test";
		};
/* End PBXNativeTarget section */

/* Begin PBXProject section */
		27EE90462B1E3E25001053A0 /* Project object */ = {
			isa = PBXProject;
			attributes = {
				BuildIndependentTargetsInParallel = 1;
				LastSwiftUpdateCheck = 1500;
				LastUpgradeCheck = 1500;
				TargetAttributes = {
					27EE904D2B1E3E25001053A0 = {
						CreatedOnToolsVersion = 15.0.1;
					};
					27EE905E2B1E3E26001053A0 = {
						CreatedOnToolsVersion = 15.0.1;
						TestTargetID = 27EE904D2B1E3E25001053A0;
					};
				};
			};
			buildConfigurationList = 27EE90492B1E3E25001053A0 /* Build configuration list for PBXProject "Advent2023" */;
			compatibilityVersion = "Xcode 14.0";
			developmentRegion = en;
			hasScannedForEncodings = 0;
			knownRegions = (
				en,
				Base,
			);
			mainGroup = 27EE90452B1E3E25001053A0;
			packageReferences = (
				274FA35A2B27698F00CBE0F0 /* XCLocalSwiftPackageReference "../../Cocoa/Macros/BundleURL" */,
				276910A02B2B8601006DFAD1 /* XCRemoteSwiftPackageReference "swift-algorithms" */,
			);
			productRefGroup = 27EE904F2B1E3E25001053A0 /* Products */;
			projectDirPath = "";
			projectRoot = "";
			targets = (
				27EE904D2B1E3E25001053A0 /* Advent2023 */,
				27EE905E2B1E3E26001053A0 /* Advent2023Tests */,
			);
		};
/* End PBXProject section */

/* Begin PBXResourcesBuildPhase section */
		27EE904C2B1E3E25001053A0 /* Resources */ = {
			isa = PBXResourcesBuildPhase;
			buildActionMask = 2147483647;
			files = (
				2746B0522B26603500C5A615 /* inputDay8 in Resources */,
				2787A54B2B2FD07A0003180B /* exampleDay14Packed in Resources */,
				2746B0532B26603500C5A615 /* exampleDay8 in Resources */,
				27EE90812B1E3E6E001053A0 /* inputDay3 in Resources */,
				274FA3652B28AD8D00CBE0F0 /* exampleDay10 in Resources */,
				2746B03D2B2614D700C5A615 /* exampleDay7 in Resources */,
				274FA36D2B28CEE200CBE0F0 /* complexExample10 in Resources */,
				2746B03E2B2614D700C5A615 /* inputDay7 in Resources */,
				27EE907F2B1E3E5A001053A0 /* exampleDay3 in Resources */,
				2746B05C2B26678300C5A615 /* exampleDay8-2 in Resources */,
				276910982B2A6685006DFAD1 /* exampleDay12 in Resources */,
				278F51912B221C1C00EE69B6 /* exampleDay5 in Resources */,
				2787A5462B2DE8A80003180B /* exampleDay13 in Resources */,
				27EE90592B1E3E26001053A0 /* Preview Assets.xcassets in Resources */,
				2787A5482B2FD05E0003180B /* exampleDay14 in Resources */,
				27B3619F2B32372E00A0B4EC /* inputDay16 in Resources */,
				2772854B2B222D9100700551 /* inputDay5 in Resources */,
				274FA3642B28AD8D00CBE0F0 /* inputDay10 in Resources */,
				27E603C02B20FCB800C4CEC3 /* exampleDay4 in Resources */,
				27E603B82B20F3FB00C4CEC3 /* inputDay4 in Resources */,
				2787A5422B2DE7BA0003180B /* inputDay13 in Resources */,
				2787A5512B3129E90003180B /* inputDay15 in Resources */,
				277772362B275FCF006702BA /* exampleDay9 in Resources */,
				274FA3712B29190A00CBE0F0 /* inputDay11 in Resources */,
				27B3619D2B32372700A0B4EC /* exampleDay16 in Resources */,
				2746B0392B257B7700C5A615 /* exampleDay6 in Resources */,
				2769109A2B2A6698006DFAD1 /* inputDay12 in Resources */,
				274FA3722B29190A00CBE0F0 /* exampleDay11 in Resources */,
				27EE90562B1E3E26001053A0 /* Assets.xcassets in Resources */,
				2746B0372B257B6800C5A615 /* inputDay6 in Resources */,
				2787A5532B3129F30003180B /* exampleDay15 in Resources */,
				2746B05E2B2668CB00C5A615 /* exampleDay8-3 in Resources */,
				277772372B275FCF006702BA /* inputDay9 in Resources */,
				2787A54F2B2FD7F20003180B /* inputDay14 in Resources */,
			);
			runOnlyForDeploymentPostprocessing = 0;
		};
		27EE905D2B1E3E26001053A0 /* Resources */ = {
			isa = PBXResourcesBuildPhase;
			buildActionMask = 2147483647;
			files = (
			);
			runOnlyForDeploymentPostprocessing = 0;
		};
/* End PBXResourcesBuildPhase section */

/* Begin PBXSourcesBuildPhase section */
		27EE904A2B1E3E25001053A0 /* Sources */ = {
			isa = PBXSourcesBuildPhase;
			buildActionMask = 2147483647;
			files = (
				2746B0332B2579F900C5A615 /* Quadratic.swift in Sources */,
				2787A5352B2CD2C40003180B /* SpringMapCalculator.swift in Sources */,
				27EE90542B1E3E25001053A0 /* ContentView.swift in Sources */,
				27E603BE2B20FBD800C4CEC3 /* Helpers.swift in Sources */,
				274FA3692B28AF6300CBE0F0 /* Coordinate.swift in Sources */,
				278F51942B221CBE00EE69B6 /* GardenRange.swift in Sources */,
				2746B0442B26163300C5A615 /* CamelCardsHand.swift in Sources */,
				27EE907D2B1E3E31001053A0 /* Schematic.swift in Sources */,
				27EE90832B1E3EE7001053A0 /* FileLocations.swift in Sources */,
				276703252B29FCF10023B1AF /* MatrixRow.swift in Sources */,
				272FD5B82B3E5FBD000ED81F /* ReflectorMapController.swift in Sources */,
				274FA3672B28AE3E00CBE0F0 /* PipeSegment.swift in Sources */,
				27F5AD952B227D8A003AFB30 /* RangeComparisons.swift in Sources */,
				272FD5B62B3E5FA5000ED81F /* LightPulse.swift in Sources */,
				278F51992B22217000EE69B6 /* Almanac.swift in Sources */,
				27EE90522B1E3E25001053A0 /* Advent2023App.swift in Sources */,
				274FA3782B2942ED00CBE0F0 /* PipeSegmentView.swift in Sources */,
				2746B04C2B2635B500C5A615 /* CamelCardBid.swift in Sources */,
				272FD5B52B3E5FA5000ED81F /* Reflector.swift in Sources */,
				2746B0422B26162A00C5A615 /* CamelCard.swift in Sources */,
				274FA3762B292EA700CBE0F0 /* Matrix2D.swift in Sources */,
				27E603BC2B20F42C00C4CEC3 /* ScratchCard.swift in Sources */,
				276703272B2A071B0023B1AF /* MatrixInit.swift in Sources */,
				2787A5372B2CD8AC0003180B /* Day12View.swift in Sources */,
				27F91A372B3F310600DCB6E3 /* Graph.swift in Sources */,
				27F91A3B2B3F311700DCB6E3 /* Edge.swift in Sources */,
				2769109D2B2A66B6006DFAD1 /* SpringMap.swift in Sources */,
				276DA2C22B4460CF008921CF /* GraphDepthFirstSearch.swift in Sources */,
				2767032B2B2A146E0023B1AF /* MatrixColumn.swift in Sources */,
				274FA3742B29191300CBE0F0 /* GalacticMap.swift in Sources */,
				2746B0552B2660E700C5A615 /* Node.swift in Sources */,
				274FA37A2B2946D000CBE0F0 /* PipeMapView.swift in Sources */,
			);
			runOnlyForDeploymentPostprocessing = 0;
		};
		27EE905B2B1E3E26001053A0 /* Sources */ = {
			isa = PBXSourcesBuildPhase;
			buildActionMask = 2147483647;
			files = (
				276703222B29FCAA0023B1AF /* MatrixTests.swift in Sources */,
				276703292B2A0EE90023B1AF /* Day11.swift in Sources */,
				2769109F2B2A67F0006DFAD1 /* Day12.swift in Sources */,
				276910A52B2B8843006DFAD1 /* SpringMapTests.swift in Sources */,
				278F51962B221EB800EE69B6 /* Day5.swift in Sources */,
				2787A53F2B2DE7090003180B /* Day13.swift in Sources */,
				274FA3602B276B6F00CBE0F0 /* Day 9.swift in Sources */,
				2746B05A2B26641900C5A615 /* Day 8.swift in Sources */,
				2746B0352B257B2F00C5A615 /* Day6.swift in Sources */,
				2746B04E2B26362400C5A615 /* Day7.swift in Sources */,
				2746B0582B2661B400C5A615 /* NodeTests.swift in Sources */,
				27B361A22B32377800A0B4EC /* Day16.swift in Sources */,
				27F5AD972B227EA0003AFB30 /* RangeComparisonTests.swift in Sources */,
				274FA36B2B28BA8E00CBE0F0 /* Day10.swift in Sources */,
				2746B0302B24A4FA00C5A615 /* GardenRangeTests.swift in Sources */,
				27EE90642B1E3E26001053A0 /* Days3-4.swift in Sources */,
				2787A5562B312D080003180B /* Day15.swift in Sources */,
				27F65ED32B40941100FAD81C /* Day 8 Graph Tests.swift in Sources */,
				2746B0482B26194E00C5A615 /* CamelCardSorting.swift in Sources */,
				2767032D2B2A1F8F0023B1AF /* CoordinateTests.swift in Sources */,
				2787A54D2B2FD08B0003180B /* Day14.swift in Sources */,
			);
			runOnlyForDeploymentPostprocessing = 0;
		};
/* End PBXSourcesBuildPhase section */

/* Begin PBXTargetDependency section */
		27EE90612B1E3E26001053A0 /* PBXTargetDependency */ = {
			isa = PBXTargetDependency;
			target = 27EE904D2B1E3E25001053A0 /* Advent2023 */;
			targetProxy = 27EE90602B1E3E26001053A0 /* PBXContainerItemProxy */;
		};
/* End PBXTargetDependency section */

/* Begin XCBuildConfiguration section */
		2787A5382B2CEE9A0003180B /* Test */ = {
			isa = XCBuildConfiguration;
			buildSettings = {
				ALWAYS_SEARCH_USER_PATHS = NO;
				ASSETCATALOG_COMPILER_GENERATE_SWIFT_ASSET_SYMBOL_EXTENSIONS = YES;
				CLANG_ANALYZER_NONNULL = YES;
				CLANG_ANALYZER_NUMBER_OBJECT_CONVERSION = YES_AGGRESSIVE;
				CLANG_CXX_LANGUAGE_STANDARD = "gnu++20";
				CLANG_ENABLE_MODULES = YES;
				CLANG_ENABLE_OBJC_ARC = YES;
				CLANG_ENABLE_OBJC_WEAK = YES;
				CLANG_WARN_BLOCK_CAPTURE_AUTORELEASING = YES;
				CLANG_WARN_BOOL_CONVERSION = YES;
				CLANG_WARN_COMMA = YES;
				CLANG_WARN_CONSTANT_CONVERSION = YES;
				CLANG_WARN_DEPRECATED_OBJC_IMPLEMENTATIONS = YES;
				CLANG_WARN_DIRECT_OBJC_ISA_USAGE = YES_ERROR;
				CLANG_WARN_DOCUMENTATION_COMMENTS = YES;
				CLANG_WARN_EMPTY_BODY = YES;
				CLANG_WARN_ENUM_CONVERSION = YES;
				CLANG_WARN_INFINITE_RECURSION = YES;
				CLANG_WARN_INT_CONVERSION = YES;
				CLANG_WARN_NON_LITERAL_NULL_CONVERSION = YES;
				CLANG_WARN_OBJC_IMPLICIT_RETAIN_SELF = YES;
				CLANG_WARN_OBJC_LITERAL_CONVERSION = YES;
				CLANG_WARN_OBJC_ROOT_CLASS = YES_ERROR;
				CLANG_WARN_QUOTED_INCLUDE_IN_FRAMEWORK_HEADER = YES;
				CLANG_WARN_RANGE_LOOP_ANALYSIS = YES;
				CLANG_WARN_STRICT_PROTOTYPES = YES;
				CLANG_WARN_SUSPICIOUS_MOVE = YES;
				CLANG_WARN_UNGUARDED_AVAILABILITY = YES_AGGRESSIVE;
				CLANG_WARN_UNREACHABLE_CODE = YES;
				CLANG_WARN__DUPLICATE_METHOD_MATCH = YES;
				COPY_PHASE_STRIP = NO;
				DEBUG_INFORMATION_FORMAT = dwarf;
				ENABLE_STRICT_OBJC_MSGSEND = YES;
				ENABLE_TESTABILITY = YES;
				ENABLE_USER_SCRIPT_SANDBOXING = YES;
				GCC_C_LANGUAGE_STANDARD = gnu17;
				GCC_DYNAMIC_NO_PIC = NO;
				GCC_NO_COMMON_BLOCKS = YES;
				GCC_OPTIMIZATION_LEVEL = s;
				GCC_PREPROCESSOR_DEFINITIONS = (
					"DEBUG=1",
					"$(inherited)",
				);
				GCC_WARN_64_TO_32_BIT_CONVERSION = YES;
				GCC_WARN_ABOUT_RETURN_TYPE = YES_ERROR;
				GCC_WARN_UNDECLARED_SELECTOR = YES;
				GCC_WARN_UNINITIALIZED_AUTOS = YES_AGGRESSIVE;
				GCC_WARN_UNUSED_FUNCTION = YES;
				GCC_WARN_UNUSED_VARIABLE = YES;
				LOCALIZATION_PREFERS_STRING_CATALOGS = YES;
				MACOSX_DEPLOYMENT_TARGET = 14.0;
				MTL_ENABLE_DEBUG_INFO = INCLUDE_SOURCE;
				MTL_FAST_MATH = YES;
				ONLY_ACTIVE_ARCH = YES;
				SDKROOT = macosx;
				SWIFT_ACTIVE_COMPILATION_CONDITIONS = "DEBUG $(inherited)";
				SWIFT_OPTIMIZATION_LEVEL = "-O";
			};
			name = Test;
		};
		2787A5392B2CEE9A0003180B /* Test */ = {
			isa = XCBuildConfiguration;
			buildSettings = {
				ASSETCATALOG_COMPILER_APPICON_NAME = AppIcon;
				ASSETCATALOG_COMPILER_GLOBAL_ACCENT_COLOR_NAME = AccentColor;
				CODE_SIGN_ENTITLEMENTS = Advent2023/Advent2023.entitlements;
				"CODE_SIGN_IDENTITY[sdk=macosx*]" = "Apple Development";
				CODE_SIGN_STYLE = Automatic;
				COMBINE_HIDPI_IMAGES = YES;
				CURRENT_PROJECT_VERSION = 1;
				DEVELOPMENT_ASSET_PATHS = "\"Advent2023/Preview Content\"";
				DEVELOPMENT_TEAM = DF288G8ZJ6;
				ENABLE_HARDENED_RUNTIME = YES;
				ENABLE_PREVIEWS = YES;
				GENERATE_INFOPLIST_FILE = YES;
				INFOPLIST_KEY_NSHumanReadableCopyright = "";
				LD_RUNPATH_SEARCH_PATHS = (
					"$(inherited)",
					"@executable_path/../Frameworks",
				);
				MARKETING_VERSION = 1.0;
				PRODUCT_BUNDLE_IDENTIFIER = com.mmuszynski.Advent2023;
				PRODUCT_NAME = "$(TARGET_NAME)";
				SWIFT_EMIT_LOC_STRINGS = YES;
				SWIFT_VERSION = 5.0;
			};
			name = Test;
		};
		2787A53A2B2CEE9A0003180B /* Test */ = {
			isa = XCBuildConfiguration;
			buildSettings = {
				ALWAYS_EMBED_SWIFT_STANDARD_LIBRARIES = YES;
				BUNDLE_LOADER = "$(TEST_HOST)";
				CODE_SIGN_STYLE = Automatic;
				CURRENT_PROJECT_VERSION = 1;
				DEVELOPMENT_TEAM = DF288G8ZJ6;
				GENERATE_INFOPLIST_FILE = YES;
				MACOSX_DEPLOYMENT_TARGET = 14.0;
				MARKETING_VERSION = 1.0;
				PRODUCT_BUNDLE_IDENTIFIER = com.mmuszynski.Advent2023Tests;
				PRODUCT_NAME = "$(TARGET_NAME)";
				SWIFT_EMIT_LOC_STRINGS = NO;
				SWIFT_VERSION = 5.0;
				TEST_HOST = "$(BUILT_PRODUCTS_DIR)/Advent2023.app/$(BUNDLE_EXECUTABLE_FOLDER_PATH)/Advent2023";
			};
			name = Test;
		};
		27EE90712B1E3E26001053A0 /* Debug */ = {
			isa = XCBuildConfiguration;
			buildSettings = {
				ALWAYS_SEARCH_USER_PATHS = NO;
				ASSETCATALOG_COMPILER_GENERATE_SWIFT_ASSET_SYMBOL_EXTENSIONS = YES;
				CLANG_ANALYZER_NONNULL = YES;
				CLANG_ANALYZER_NUMBER_OBJECT_CONVERSION = YES_AGGRESSIVE;
				CLANG_CXX_LANGUAGE_STANDARD = "gnu++20";
				CLANG_ENABLE_MODULES = YES;
				CLANG_ENABLE_OBJC_ARC = YES;
				CLANG_ENABLE_OBJC_WEAK = YES;
				CLANG_WARN_BLOCK_CAPTURE_AUTORELEASING = YES;
				CLANG_WARN_BOOL_CONVERSION = YES;
				CLANG_WARN_COMMA = YES;
				CLANG_WARN_CONSTANT_CONVERSION = YES;
				CLANG_WARN_DEPRECATED_OBJC_IMPLEMENTATIONS = YES;
				CLANG_WARN_DIRECT_OBJC_ISA_USAGE = YES_ERROR;
				CLANG_WARN_DOCUMENTATION_COMMENTS = YES;
				CLANG_WARN_EMPTY_BODY = YES;
				CLANG_WARN_ENUM_CONVERSION = YES;
				CLANG_WARN_INFINITE_RECURSION = YES;
				CLANG_WARN_INT_CONVERSION = YES;
				CLANG_WARN_NON_LITERAL_NULL_CONVERSION = YES;
				CLANG_WARN_OBJC_IMPLICIT_RETAIN_SELF = YES;
				CLANG_WARN_OBJC_LITERAL_CONVERSION = YES;
				CLANG_WARN_OBJC_ROOT_CLASS = YES_ERROR;
				CLANG_WARN_QUOTED_INCLUDE_IN_FRAMEWORK_HEADER = YES;
				CLANG_WARN_RANGE_LOOP_ANALYSIS = YES;
				CLANG_WARN_STRICT_PROTOTYPES = YES;
				CLANG_WARN_SUSPICIOUS_MOVE = YES;
				CLANG_WARN_UNGUARDED_AVAILABILITY = YES_AGGRESSIVE;
				CLANG_WARN_UNREACHABLE_CODE = YES;
				CLANG_WARN__DUPLICATE_METHOD_MATCH = YES;
				COPY_PHASE_STRIP = NO;
				DEBUG_INFORMATION_FORMAT = dwarf;
				ENABLE_STRICT_OBJC_MSGSEND = YES;
				ENABLE_TESTABILITY = YES;
				ENABLE_USER_SCRIPT_SANDBOXING = YES;
				GCC_C_LANGUAGE_STANDARD = gnu17;
				GCC_DYNAMIC_NO_PIC = NO;
				GCC_NO_COMMON_BLOCKS = YES;
				GCC_OPTIMIZATION_LEVEL = 0;
				GCC_PREPROCESSOR_DEFINITIONS = (
					"DEBUG=1",
					"$(inherited)",
				);
				GCC_WARN_64_TO_32_BIT_CONVERSION = YES;
				GCC_WARN_ABOUT_RETURN_TYPE = YES_ERROR;
				GCC_WARN_UNDECLARED_SELECTOR = YES;
				GCC_WARN_UNINITIALIZED_AUTOS = YES_AGGRESSIVE;
				GCC_WARN_UNUSED_FUNCTION = YES;
				GCC_WARN_UNUSED_VARIABLE = YES;
				LOCALIZATION_PREFERS_STRING_CATALOGS = YES;
				MACOSX_DEPLOYMENT_TARGET = 14.0;
				MTL_ENABLE_DEBUG_INFO = INCLUDE_SOURCE;
				MTL_FAST_MATH = YES;
				ONLY_ACTIVE_ARCH = YES;
				SDKROOT = macosx;
				SWIFT_ACTIVE_COMPILATION_CONDITIONS = "DEBUG $(inherited)";
				SWIFT_OPTIMIZATION_LEVEL = "-Onone";
			};
			name = Debug;
		};
		27EE90722B1E3E26001053A0 /* Release */ = {
			isa = XCBuildConfiguration;
			buildSettings = {
				ALWAYS_SEARCH_USER_PATHS = NO;
				ASSETCATALOG_COMPILER_GENERATE_SWIFT_ASSET_SYMBOL_EXTENSIONS = YES;
				CLANG_ANALYZER_NONNULL = YES;
				CLANG_ANALYZER_NUMBER_OBJECT_CONVERSION = YES_AGGRESSIVE;
				CLANG_CXX_LANGUAGE_STANDARD = "gnu++20";
				CLANG_ENABLE_MODULES = YES;
				CLANG_ENABLE_OBJC_ARC = YES;
				CLANG_ENABLE_OBJC_WEAK = YES;
				CLANG_WARN_BLOCK_CAPTURE_AUTORELEASING = YES;
				CLANG_WARN_BOOL_CONVERSION = YES;
				CLANG_WARN_COMMA = YES;
				CLANG_WARN_CONSTANT_CONVERSION = YES;
				CLANG_WARN_DEPRECATED_OBJC_IMPLEMENTATIONS = YES;
				CLANG_WARN_DIRECT_OBJC_ISA_USAGE = YES_ERROR;
				CLANG_WARN_DOCUMENTATION_COMMENTS = YES;
				CLANG_WARN_EMPTY_BODY = YES;
				CLANG_WARN_ENUM_CONVERSION = YES;
				CLANG_WARN_INFINITE_RECURSION = YES;
				CLANG_WARN_INT_CONVERSION = YES;
				CLANG_WARN_NON_LITERAL_NULL_CONVERSION = YES;
				CLANG_WARN_OBJC_IMPLICIT_RETAIN_SELF = YES;
				CLANG_WARN_OBJC_LITERAL_CONVERSION = YES;
				CLANG_WARN_OBJC_ROOT_CLASS = YES_ERROR;
				CLANG_WARN_QUOTED_INCLUDE_IN_FRAMEWORK_HEADER = YES;
				CLANG_WARN_RANGE_LOOP_ANALYSIS = YES;
				CLANG_WARN_STRICT_PROTOTYPES = YES;
				CLANG_WARN_SUSPICIOUS_MOVE = YES;
				CLANG_WARN_UNGUARDED_AVAILABILITY = YES_AGGRESSIVE;
				CLANG_WARN_UNREACHABLE_CODE = YES;
				CLANG_WARN__DUPLICATE_METHOD_MATCH = YES;
				COPY_PHASE_STRIP = NO;
				DEBUG_INFORMATION_FORMAT = "dwarf-with-dsym";
				ENABLE_NS_ASSERTIONS = NO;
				ENABLE_STRICT_OBJC_MSGSEND = YES;
				ENABLE_USER_SCRIPT_SANDBOXING = YES;
				GCC_C_LANGUAGE_STANDARD = gnu17;
				GCC_NO_COMMON_BLOCKS = YES;
				GCC_WARN_64_TO_32_BIT_CONVERSION = YES;
				GCC_WARN_ABOUT_RETURN_TYPE = YES_ERROR;
				GCC_WARN_UNDECLARED_SELECTOR = YES;
				GCC_WARN_UNINITIALIZED_AUTOS = YES_AGGRESSIVE;
				GCC_WARN_UNUSED_FUNCTION = YES;
				GCC_WARN_UNUSED_VARIABLE = YES;
				LOCALIZATION_PREFERS_STRING_CATALOGS = YES;
				MACOSX_DEPLOYMENT_TARGET = 14.0;
				MTL_ENABLE_DEBUG_INFO = NO;
				MTL_FAST_MATH = YES;
				SDKROOT = macosx;
				SWIFT_COMPILATION_MODE = wholemodule;
			};
			name = Release;
		};
		27EE90742B1E3E26001053A0 /* Debug */ = {
			isa = XCBuildConfiguration;
			buildSettings = {
				ASSETCATALOG_COMPILER_APPICON_NAME = AppIcon;
				ASSETCATALOG_COMPILER_GLOBAL_ACCENT_COLOR_NAME = AccentColor;
				CODE_SIGN_ENTITLEMENTS = Advent2023/Advent2023.entitlements;
				"CODE_SIGN_IDENTITY[sdk=macosx*]" = "Apple Development";
				CODE_SIGN_STYLE = Automatic;
				COMBINE_HIDPI_IMAGES = YES;
				CURRENT_PROJECT_VERSION = 1;
				DEVELOPMENT_ASSET_PATHS = "\"Advent2023/Preview Content\"";
				DEVELOPMENT_TEAM = DF288G8ZJ6;
				ENABLE_HARDENED_RUNTIME = YES;
				ENABLE_PREVIEWS = YES;
				GENERATE_INFOPLIST_FILE = YES;
				INFOPLIST_KEY_NSHumanReadableCopyright = "";
				LD_RUNPATH_SEARCH_PATHS = (
					"$(inherited)",
					"@executable_path/../Frameworks",
				);
				MARKETING_VERSION = 1.0;
				PRODUCT_BUNDLE_IDENTIFIER = com.mmuszynski.Advent2023;
				PRODUCT_NAME = "$(TARGET_NAME)";
				SWIFT_EMIT_LOC_STRINGS = YES;
				SWIFT_VERSION = 5.0;
			};
			name = Debug;
		};
		27EE90752B1E3E26001053A0 /* Release */ = {
			isa = XCBuildConfiguration;
			buildSettings = {
				ASSETCATALOG_COMPILER_APPICON_NAME = AppIcon;
				ASSETCATALOG_COMPILER_GLOBAL_ACCENT_COLOR_NAME = AccentColor;
				CODE_SIGN_ENTITLEMENTS = Advent2023/Advent2023.entitlements;
				"CODE_SIGN_IDENTITY[sdk=macosx*]" = "Apple Development";
				CODE_SIGN_STYLE = Automatic;
				COMBINE_HIDPI_IMAGES = YES;
				CURRENT_PROJECT_VERSION = 1;
				DEVELOPMENT_ASSET_PATHS = "\"Advent2023/Preview Content\"";
				DEVELOPMENT_TEAM = DF288G8ZJ6;
				ENABLE_HARDENED_RUNTIME = YES;
				ENABLE_PREVIEWS = YES;
				GENERATE_INFOPLIST_FILE = YES;
				INFOPLIST_KEY_NSHumanReadableCopyright = "";
				LD_RUNPATH_SEARCH_PATHS = (
					"$(inherited)",
					"@executable_path/../Frameworks",
				);
				MARKETING_VERSION = 1.0;
				PRODUCT_BUNDLE_IDENTIFIER = com.mmuszynski.Advent2023;
				PRODUCT_NAME = "$(TARGET_NAME)";
				SWIFT_EMIT_LOC_STRINGS = YES;
				SWIFT_VERSION = 5.0;
			};
			name = Release;
		};
		27EE90772B1E3E26001053A0 /* Debug */ = {
			isa = XCBuildConfiguration;
			buildSettings = {
				ALWAYS_EMBED_SWIFT_STANDARD_LIBRARIES = YES;
				BUNDLE_LOADER = "$(TEST_HOST)";
				CODE_SIGN_STYLE = Automatic;
				CURRENT_PROJECT_VERSION = 1;
				DEVELOPMENT_TEAM = DF288G8ZJ6;
				GENERATE_INFOPLIST_FILE = YES;
				MACOSX_DEPLOYMENT_TARGET = 14.0;
				MARKETING_VERSION = 1.0;
				PRODUCT_BUNDLE_IDENTIFIER = com.mmuszynski.Advent2023Tests;
				PRODUCT_NAME = "$(TARGET_NAME)";
				SWIFT_EMIT_LOC_STRINGS = NO;
				SWIFT_VERSION = 5.0;
				TEST_HOST = "$(BUILT_PRODUCTS_DIR)/Advent2023.app/$(BUNDLE_EXECUTABLE_FOLDER_PATH)/Advent2023";
			};
			name = Debug;
		};
		27EE90782B1E3E26001053A0 /* Release */ = {
			isa = XCBuildConfiguration;
			buildSettings = {
				ALWAYS_EMBED_SWIFT_STANDARD_LIBRARIES = YES;
				BUNDLE_LOADER = "$(TEST_HOST)";
				CODE_SIGN_STYLE = Automatic;
				CURRENT_PROJECT_VERSION = 1;
				DEVELOPMENT_TEAM = DF288G8ZJ6;
				GENERATE_INFOPLIST_FILE = YES;
				MACOSX_DEPLOYMENT_TARGET = 14.0;
				MARKETING_VERSION = 1.0;
				PRODUCT_BUNDLE_IDENTIFIER = com.mmuszynski.Advent2023Tests;
				PRODUCT_NAME = "$(TARGET_NAME)";
				SWIFT_EMIT_LOC_STRINGS = NO;
				SWIFT_VERSION = 5.0;
				TEST_HOST = "$(BUILT_PRODUCTS_DIR)/Advent2023.app/$(BUNDLE_EXECUTABLE_FOLDER_PATH)/Advent2023";
			};
			name = Release;
		};
/* End XCBuildConfiguration section */

/* Begin XCConfigurationList section */
		27EE90492B1E3E25001053A0 /* Build configuration list for PBXProject "Advent2023" */ = {
			isa = XCConfigurationList;
			buildConfigurations = (
				27EE90712B1E3E26001053A0 /* Debug */,
				2787A5382B2CEE9A0003180B /* Test */,
				27EE90722B1E3E26001053A0 /* Release */,
			);
			defaultConfigurationIsVisible = 0;
			defaultConfigurationName = Release;
		};
		27EE90732B1E3E26001053A0 /* Build configuration list for PBXNativeTarget "Advent2023" */ = {
			isa = XCConfigurationList;
			buildConfigurations = (
				27EE90742B1E3E26001053A0 /* Debug */,
				2787A5392B2CEE9A0003180B /* Test */,
				27EE90752B1E3E26001053A0 /* Release */,
			);
			defaultConfigurationIsVisible = 0;
			defaultConfigurationName = Release;
		};
		27EE90762B1E3E26001053A0 /* Build configuration list for PBXNativeTarget "Advent2023Tests" */ = {
			isa = XCConfigurationList;
			buildConfigurations = (
				27EE90772B1E3E26001053A0 /* Debug */,
				2787A53A2B2CEE9A0003180B /* Test */,
				27EE90782B1E3E26001053A0 /* Release */,
			);
			defaultConfigurationIsVisible = 0;
			defaultConfigurationName = Release;
		};
/* End XCConfigurationList section */

/* Begin XCLocalSwiftPackageReference section */
		274FA35A2B27698F00CBE0F0 /* XCLocalSwiftPackageReference "../../Cocoa/Macros/BundleURL" */ = {
			isa = XCLocalSwiftPackageReference;
			relativePath = ../../Cocoa/Macros/BundleURL;
		};
/* End XCLocalSwiftPackageReference section */

/* Begin XCRemoteSwiftPackageReference section */
		276910A02B2B8601006DFAD1 /* XCRemoteSwiftPackageReference "swift-algorithms" */ = {
			isa = XCRemoteSwiftPackageReference;
			repositoryURL = "https://github.com/apple/swift-algorithms.git";
			requirement = {
				kind = upToNextMajorVersion;
				minimumVersion = 1.2.0;
			};
		};
/* End XCRemoteSwiftPackageReference section */

/* Begin XCSwiftPackageProductDependency section */
		274FA35B2B27698F00CBE0F0 /* BundleURL */ = {
			isa = XCSwiftPackageProductDependency;
			productName = BundleURL;
		};
		276910A12B2B8601006DFAD1 /* Algorithms */ = {
			isa = XCSwiftPackageProductDependency;
			package = 276910A02B2B8601006DFAD1 /* XCRemoteSwiftPackageReference "swift-algorithms" */;
			productName = Algorithms;
		};
/* End XCSwiftPackageProductDependency section */
	};
	rootObject = 27EE90462B1E3E25001053A0 /* Project object */;
}
